
Microsoft Visual Studio Solution File, Format Version 12.00
# Visual Studio Version 17
VisualStudioVersion = 17.9.34701.34
MinimumVisualStudioVersion = 10.0.40219.1
Project("{9A19103F-16F7-4668-BE54-9A1E7A4F7556}") = "SBRPData", "SBRPData\SBRPData.csproj", "{3BAE4F59-D2A1-4C1C-B754-BBA957D24680}"
EndProject
Project("{9A19103F-16F7-4668-BE54-9A1E7A4F7556}") = "SBRPDataPsi", "SBRPDataPSI\SBRPDataPsi.csproj", "{BE585C50-4AE6-46D3-B32C-8EF6C225240B}"
EndProject
Project("{9A19103F-16F7-4668-BE54-9A1E7A4F7556}") = "SBRPWebPsi", "SBRPWebPsi\SBRPWebPsi.csproj", "{8938591E-D36F-489C-914C-1138A776729F}"
EndProject
Project("{9A19103F-16F7-4668-BE54-9A1E7A4F7556}") = "SBRPBussinessPsi", "SBRPBussinessPsi\SBRPBussinessPsi.csproj", "{0104C532-299F-406B-949A-D593D8527B59}"
EndProject
Project("{9A19103F-16F7-4668-BE54-9A1E7A4F7556}") = "SBRPDataRmshq", "SBRPDataRmshq\SBRPDataRmshq.csproj", "{84887850-0C48-47A1-B3A6-77DD54A227EB}"
EndProject
Project("{9A19103F-16F7-4668-BE54-9A1E7A4F7556}") = "SBRPAPITms", "SBRPAPITms\SBRPAPITms.csproj", "{572D658F-0CC3-474D-AB7A-101956AD4C73}"
EndProject
Project("{9A19103F-16F7-4668-BE54-9A1E7A4F7556}") = "SBRPDataKates", "SBRPDataKates\SBRPDataKates.csproj", "{AC09644C-8ECD-422A-A3F1-1DD4E6599E68}"
EndProject
Project("{FAE04EC0-301F-11D3-BF4B-00C04F79EFBC}") = "SBRPBusinessTms", "SBRPBusinessTms\SBRPBusinessTms.csproj", "{AAE34585-E365-4E36-B39B-ECF8EA9440E2}"
EndProject
Project("{FAE04EC0-301F-11D3-BF4B-00C04F79EFBC}") = "SBRPAPIPsi", "SBRPAPIPsi\SBRPAPIPsi.csproj", "{E9745477-DD0C-46A0-A5B8-6B0C67879195}"
EndProject
Project("{FAE04EC0-301F-11D3-BF4B-00C04F79EFBC}") = "SBRPBusiness", "SBRPBusiness\SBRPBusiness.csproj", "{547B532A-A841-403B-AB74-A60DEAEA18ED}"
EndProject
Project("{FAE04EC0-301F-11D3-BF4B-00C04F79EFBC}") = "SBRPWebPortal", "SBRPWebPortal\SBRPWebPortal.csproj", "{6079DD9D-03FD-403B-86FF-08D10967928C}"
EndProject
Project("{FAE04EC0-301F-11D3-BF4B-00C04F79EFBC}") = "SBRPWinUtility", "SBRPWinUtility\SBRPWinUtility.csproj", "{9EB44F27-8878-4216-9981-105C4E09F83F}"
EndProject
Project("{00D1A9C2-B5F0-4AF3-8072-F6C62B433612}") = "SBRPSQLDB", "SBRPSQLDB\SBRPSQLDB.sqlproj", "{EB176B0A-BB58-4359-90E3-82D84F57B0B0}"
EndProject
Project("{FAE04EC0-301F-11D3-BF4B-00C04F79EFBC}") = "SBRPLogPsi", "SBRPLogPsi\SBRPLogPsi.csproj", "{F68331A8-FC9F-4514-B171-A9FB11CAAAF5}"
EndProject
Global
	GlobalSection(SolutionConfigurationPlatforms) = preSolution
		Debug|Any CPU = Debug|Any CPU
		Release|Any CPU = Release|Any CPU
	EndGlobalSection
	GlobalSection(ProjectConfigurationPlatforms) = postSolution
		{3BAE4F59-D2A1-4C1C-B754-BBA957D24680}.Debug|Any CPU.ActiveCfg = Debug|Any CPU
		{3BAE4F59-D2A1-4C1C-B754-BBA957D24680}.Debug|Any CPU.Build.0 = Debug|Any CPU
		{3BAE4F59-D2A1-4C1C-B754-BBA957D24680}.Release|Any CPU.ActiveCfg = Release|Any CPU
		{3BAE4F59-D2A1-4C1C-B754-BBA957D24680}.Release|Any CPU.Build.0 = Release|Any CPU
		{BE585C50-4AE6-46D3-B32C-8EF6C225240B}.Debug|Any CPU.ActiveCfg = Debug|Any CPU
		{BE585C50-4AE6-46D3-B32C-8EF6C225240B}.Debug|Any CPU.Build.0 = Debug|Any CPU
		{BE585C50-4AE6-46D3-B32C-8EF6C225240B}.Release|Any CPU.ActiveCfg = Release|Any CPU
		{BE585C50-4AE6-46D3-B32C-8EF6C225240B}.Release|Any CPU.Build.0 = Release|Any CPU
		{8938591E-D36F-489C-914C-1138A776729F}.Debug|Any CPU.ActiveCfg = Debug|Any CPU
		{8938591E-D36F-489C-914C-1138A776729F}.Debug|Any CPU.Build.0 = Debug|Any CPU
		{8938591E-D36F-489C-914C-1138A776729F}.Release|Any CPU.ActiveCfg = Release|Any CPU
		{8938591E-D36F-489C-914C-1138A776729F}.Release|Any CPU.Build.0 = Release|Any CPU
		{0104C532-299F-406B-949A-D593D8527B59}.Debug|Any CPU.ActiveCfg = Debug|Any CPU
		{0104C532-299F-406B-949A-D593D8527B59}.Debug|Any CPU.Build.0 = Debug|Any CPU
		{0104C532-299F-406B-949A-D593D8527B59}.Release|Any CPU.ActiveCfg = Release|Any CPU
		{0104C532-299F-406B-949A-D593D8527B59}.Release|Any CPU.Build.0 = Release|Any CPU
		{84887850-0C48-47A1-B3A6-77DD54A227EB}.Debug|Any CPU.ActiveCfg = Debug|Any CPU
		{84887850-0C48-47A1-B3A6-77DD54A227EB}.Debug|Any CPU.Build.0 = Debug|Any CPU
		{84887850-0C48-47A1-B3A6-77DD54A227EB}.Release|Any CPU.ActiveCfg = Release|Any CPU
		{84887850-0C48-47A1-B3A6-77DD54A227EB}.Release|Any CPU.Build.0 = Release|Any CPU
		{572D658F-0CC3-474D-AB7A-101956AD4C73}.Debug|Any CPU.ActiveCfg = Debug|Any CPU
		{572D658F-0CC3-474D-AB7A-101956AD4C73}.Debug|Any CPU.Build.0 = Debug|Any CPU
		{572D658F-0CC3-474D-AB7A-101956AD4C73}.Release|Any CPU.ActiveCfg = Release|Any CPU
		{572D658F-0CC3-474D-AB7A-101956AD4C73}.Release|Any CPU.Build.0 = Release|Any CPU
		{AC09644C-8ECD-422A-A3F1-1DD4E6599E68}.Debug|Any CPU.ActiveCfg = Debug|Any CPU
		{AC09644C-8ECD-422A-A3F1-1DD4E6599E68}.Debug|Any CPU.Build.0 = Debug|Any CPU
		{AC09644C-8ECD-422A-A3F1-1DD4E6599E68}.Release|Any CPU.ActiveCfg = Release|Any CPU
		{AC09644C-8ECD-422A-A3F1-1DD4E6599E68}.Release|Any CPU.Build.0 = Release|Any CPU
		{AAE34585-E365-4E36-B39B-ECF8EA9440E2}.Debug|Any CPU.ActiveCfg = Debug|Any CPU
		{AAE34585-E365-4E36-B39B-ECF8EA9440E2}.Debug|Any CPU.Build.0 = Debug|Any CPU
		{AAE34585-E365-4E36-B39B-ECF8EA9440E2}.Release|Any CPU.ActiveCfg = Release|Any CPU
		{AAE34585-E365-4E36-B39B-ECF8EA9440E2}.Release|Any CPU.Build.0 = Release|Any CPU
		{E9745477-DD0C-46A0-A5B8-6B0C67879195}.Debug|Any CPU.ActiveCfg = Debug|Any CPU
		{E9745477-DD0C-46A0-A5B8-6B0C67879195}.Debug|Any CPU.Build.0 = Debug|Any CPU
		{E9745477-DD0C-46A0-A5B8-6B0C67879195}.Release|Any CPU.ActiveCfg = Release|Any CPU
		{E9745477-DD0C-46A0-A5B8-6B0C67879195}.Release|Any CPU.Build.0 = Release|Any CPU
		{547B532A-A841-403B-AB74-A60DEAEA18ED}.Debug|Any CPU.ActiveCfg = Debug|Any CPU
		{547B532A-A841-403B-AB74-A60DEAEA18ED}.Debug|Any CPU.Build.0 = Debug|Any CPU
		{547B532A-A841-403B-AB74-A60DEAEA18ED}.Release|Any CPU.ActiveCfg = Release|Any CPU
		{547B532A-A841-403B-AB74-A60DEAEA18ED}.Release|Any CPU.Build.0 = Release|Any CPU
		{6079DD9D-03FD-403B-86FF-08D10967928C}.Debug|Any CPU.ActiveCfg = Debug|Any CPU
		{6079DD9D-03FD-403B-86FF-08D10967928C}.Debug|Any CPU.Build.0 = Debug|Any CPU
		{6079DD9D-03FD-403B-86FF-08D10967928C}.Release|Any CPU.ActiveCfg = Release|Any CPU
		{6079DD9D-03FD-403B-86FF-08D10967928C}.Release|Any CPU.Build.0 = Release|Any CPU
		{9EB44F27-8878-4216-9981-105C4E09F83F}.Debug|Any CPU.ActiveCfg = Debug|Any CPU
		{9EB44F27-8878-4216-9981-105C4E09F83F}.Debug|Any CPU.Build.0 = Debug|Any CPU
		{9EB44F27-8878-4216-9981-105C4E09F83F}.Release|Any CPU.ActiveCfg = Release|Any CPU
		{9EB44F27-8878-4216-9981-105C4E09F83F}.Release|Any CPU.Build.0 = Release|Any CPU
		{EB176B0A-BB58-4359-90E3-82D84F57B0B0}.Debug|Any CPU.ActiveCfg = Debug|Any CPU
		{EB176B0A-BB58-4359-90E3-82D84F57B0B0}.Debug|Any CPU.Deploy.0 = Debug|Any CPU
		{EB176B0A-BB58-4359-90E3-82D84F57B0B0}.Release|Any CPU.ActiveCfg = Release|Any CPU
		{EB176B0A-BB58-4359-90E3-82D84F57B0B0}.Release|Any CPU.Build.0 = Release|Any CPU
		{EB176B0A-BB58-4359-90E3-82D84F57B0B0}.Release|Any CPU.Deploy.0 = Release|Any CPU
		{F68331A8-FC9F-4514-B171-A9FB11CAAAF5}.Debug|Any CPU.ActiveCfg = Debug|Any CPU
		{F68331A8-FC9F-4514-B171-A9FB11CAAAF5}.Debug|Any CPU.Build.0 = Debug|Any CPU
		{F68331A8-FC9F-4514-B171-A9FB11CAAAF5}.Release|Any CPU.ActiveCfg = Release|Any CPU
		{F68331A8-FC9F-4514-B171-A9FB11CAAAF5}.Release|Any CPU.Build.0 = Release|Any CPU
	EndGlobalSection
	GlobalSection(SolutionProperties) = preSolution
		HideSolutionNode = FALSE
	EndGlobalSection
	GlobalSection(ExtensibilityGlobals) = postSolution
		SolutionGuid = {834BCC2E-64F1-44E5-B9C6-BF91B43F117B}
	EndGlobalSection
EndGlobal
